
Microsoft Visual Studio Solution File, Format Version 12.00
Project("{2150E333-8FDC-42A3-9474-1A3956D46DE8}") = "src", "src", "{53409CC9-0183-4A67-A861-54983005D64D}"
EndProject
Project("{2150E333-8FDC-42A3-9474-1A3956D46DE8}") = "tests", "tests", "{F8B48900-0330-4D8C-A683-D5E710E8243C}"
EndProject
Project("{FAE04EC0-301F-11D3-BF4B-00C04F79EFBC}") = "Api", "Api\Api.csproj", "{EA1E4CFD-D46D-4B51-87D8-6A0A6E873316}"
EndProject
Project("{FAE04EC0-301F-11D3-BF4B-00C04F79EFBC}") = "Application", "Application\Application.csproj", "{44FBF6A7-4136-45FC-B422-268F95C4F85A}"
EndProject
Project("{FAE04EC0-301F-11D3-BF4B-00C04F79EFBC}") = "Domain", "Domain\Domain.csproj", "{2AEB6301-EB58-4CE8-954C-2A6E1574950F}"
EndProject
Project("{FAE04EC0-301F-11D3-BF4B-00C04F79EFBC}") = "Infrastructure", "Infrastructure\Infrastructure.csproj", "{0D5F372D-1DE2-43DD-B9ED-7A8A70EAAE9D}"
EndProject
Project("{FAE04EC0-301F-11D3-BF4B-00C04F79EFBC}") = "Api.Tests", "Api.Tests\Api.Tests.csproj", "{62C79573-314A-4F17-B6C3-BBB71EA98AE4}"
EndProject
Project("{FAE04EC0-301F-11D3-BF4B-00C04F79EFBC}") = "Application.Tests", "Application.Tests\Application.Tests.csproj", "{B79A84D5-F8C4-4397-B03E-6AB6BA36BCAC}"
EndProject
Project("{FAE04EC0-301F-11D3-BF4B-00C04F79EFBC}") = "Domain.Tests", "Domain.Tests\Domain.Tests.csproj", "{9B37EA31-A0DD-4F96-B7CA-92AC2901678C}"
EndProject
Project("{FAE04EC0-301F-11D3-BF4B-00C04F79EFBC}") = "Infrastructure.Tests", "Infrastructure.Tests\Infrastructure.Tests.csproj", "{406C1253-958E-4122-9824-C76D59BE43C6}"
EndProject
Project("{2150E333-8FDC-42A3-9474-1A3956D46DE8}") = "Solution Items", "Solution Items", "{581170C7-18C8-4105-B8B8-04F8B2D6F4E9}"
	ProjectSection(SolutionItems) = preProject
		compose.yaml = compose.yaml
		README.md = README.md
		.github\workflows\ci.yml = .github\workflows\ci.yml
	EndProjectSection
EndProject
Project("{FAE04EC0-301F-11D3-BF4B-00C04F79EFBC}") = "Worker", "Worker\Worker.csproj", "{3E7BF75B-3D5F-48CD-997E-39930554ABE6}"
EndProject
Global
	GlobalSection(SolutionConfigurationPlatforms) = preSolution
		Debug|Any CPU = Debug|Any CPU
		Release|Any CPU = Release|Any CPU
	EndGlobalSection
	GlobalSection(NestedProjects) = preSolution
		{EA1E4CFD-D46D-4B51-87D8-6A0A6E873316} = {53409CC9-0183-4A67-A861-54983005D64D}
		{44FBF6A7-4136-45FC-B422-268F95C4F85A} = {53409CC9-0183-4A67-A861-54983005D64D}
		{2AEB6301-EB58-4CE8-954C-2A6E1574950F} = {53409CC9-0183-4A67-A861-54983005D64D}
		{0D5F372D-1DE2-43DD-B9ED-7A8A70EAAE9D} = {53409CC9-0183-4A67-A861-54983005D64D}
		{62C79573-314A-4F17-B6C3-BBB71EA98AE4} = {F8B48900-0330-4D8C-A683-D5E710E8243C}
		{B79A84D5-F8C4-4397-B03E-6AB6BA36BCAC} = {F8B48900-0330-4D8C-A683-D5E710E8243C}
		{9B37EA31-A0DD-4F96-B7CA-92AC2901678C} = {F8B48900-0330-4D8C-A683-D5E710E8243C}
		{406C1253-958E-4122-9824-C76D59BE43C6} = {F8B48900-0330-4D8C-A683-D5E710E8243C}
		{3E7BF75B-3D5F-48CD-997E-39930554ABE6} = {53409CC9-0183-4A67-A861-54983005D64D}
	EndGlobalSection
	GlobalSection(ProjectConfigurationPlatforms) = postSolution
		{EA1E4CFD-D46D-4B51-87D8-6A0A6E873316}.Debug|Any CPU.ActiveCfg = Debug|Any CPU
		{EA1E4CFD-D46D-4B51-87D8-6A0A6E873316}.Debug|Any CPU.Build.0 = Debug|Any CPU
		{EA1E4CFD-D46D-4B51-87D8-6A0A6E873316}.Release|Any CPU.ActiveCfg = Release|Any CPU
		{EA1E4CFD-D46D-4B51-87D8-6A0A6E873316}.Release|Any CPU.Build.0 = Release|Any CPU
		{44FBF6A7-4136-45FC-B422-268F95C4F85A}.Debug|Any CPU.ActiveCfg = Debug|Any CPU
		{44FBF6A7-4136-45FC-B422-268F95C4F85A}.Debug|Any CPU.Build.0 = Debug|Any CPU
		{44FBF6A7-4136-45FC-B422-268F95C4F85A}.Release|Any CPU.ActiveCfg = Release|Any CPU
		{44FBF6A7-4136-45FC-B422-268F95C4F85A}.Release|Any CPU.Build.0 = Release|Any CPU
		{2AEB6301-EB58-4CE8-954C-2A6E1574950F}.Debug|Any CPU.ActiveCfg = Debug|Any CPU
		{2AEB6301-EB58-4CE8-954C-2A6E1574950F}.Debug|Any CPU.Build.0 = Debug|Any CPU
		{2AEB6301-EB58-4CE8-954C-2A6E1574950F}.Release|Any CPU.ActiveCfg = Release|Any CPU
		{2AEB6301-EB58-4CE8-954C-2A6E1574950F}.Release|Any CPU.Build.0 = Release|Any CPU
		{0D5F372D-1DE2-43DD-B9ED-7A8A70EAAE9D}.Debug|Any CPU.ActiveCfg = Debug|Any CPU
		{0D5F372D-1DE2-43DD-B9ED-7A8A70EAAE9D}.Debug|Any CPU.Build.0 = Debug|Any CPU
		{0D5F372D-1DE2-43DD-B9ED-7A8A70EAAE9D}.Release|Any CPU.ActiveCfg = Release|Any CPU
		{0D5F372D-1DE2-43DD-B9ED-7A8A70EAAE9D}.Release|Any CPU.Build.0 = Release|Any CPU
		{62C79573-314A-4F17-B6C3-BBB71EA98AE4}.Debug|Any CPU.ActiveCfg = Debug|Any CPU
		{62C79573-314A-4F17-B6C3-BBB71EA98AE4}.Debug|Any CPU.Build.0 = Debug|Any CPU
		{62C79573-314A-4F17-B6C3-BBB71EA98AE4}.Release|Any CPU.ActiveCfg = Release|Any CPU
		{62C79573-314A-4F17-B6C3-BBB71EA98AE4}.Release|Any CPU.Build.0 = Release|Any CPU
		{B79A84D5-F8C4-4397-B03E-6AB6BA36BCAC}.Debug|Any CPU.ActiveCfg = Debug|Any CPU
		{B79A84D5-F8C4-4397-B03E-6AB6BA36BCAC}.Debug|Any CPU.Build.0 = Debug|Any CPU
		{B79A84D5-F8C4-4397-B03E-6AB6BA36BCAC}.Release|Any CPU.ActiveCfg = Release|Any CPU
		{B79A84D5-F8C4-4397-B03E-6AB6BA36BCAC}.Release|Any CPU.Build.0 = Release|Any CPU
		{9B37EA31-A0DD-4F96-B7CA-92AC2901678C}.Debug|Any CPU.ActiveCfg = Debug|Any CPU
		{9B37EA31-A0DD-4F96-B7CA-92AC2901678C}.Debug|Any CPU.Build.0 = Debug|Any CPU
		{9B37EA31-A0DD-4F96-B7CA-92AC2901678C}.Release|Any CPU.ActiveCfg = Release|Any CPU
		{9B37EA31-A0DD-4F96-B7CA-92AC2901678C}.Release|Any CPU.Build.0 = Release|Any CPU
		{406C1253-958E-4122-9824-C76D59BE43C6}.Debug|Any CPU.ActiveCfg = Debug|Any CPU
		{406C1253-958E-4122-9824-C76D59BE43C6}.Debug|Any CPU.Build.0 = Debug|Any CPU
		{406C1253-958E-4122-9824-C76D59BE43C6}.Release|Any CPU.ActiveCfg = Release|Any CPU
		{406C1253-958E-4122-9824-C76D59BE43C6}.Release|Any CPU.Build.0 = Release|Any CPU
		{3E7BF75B-3D5F-48CD-997E-39930554ABE6}.Debug|Any CPU.ActiveCfg = Debug|Any CPU
		{3E7BF75B-3D5F-48CD-997E-39930554ABE6}.Debug|Any CPU.Build.0 = Debug|Any CPU
		{3E7BF75B-3D5F-48CD-997E-39930554ABE6}.Release|Any CPU.ActiveCfg = Release|Any CPU
		{3E7BF75B-3D5F-48CD-997E-39930554ABE6}.Release|Any CPU.Build.0 = Release|Any CPU
	EndGlobalSection
EndGlobal
